
Microsoft Visual Studio Solution File, Format Version 12.00
# Visual Studio Version 16
VisualStudioVersion = 16.0.30114.105
MinimumVisualStudioVersion = 10.0.40219.1
Project("{9A19103F-16F7-4668-BE54-9A1E7A4F7556}") = "Cgf.CameraControl.CameraHost", "Cgf.CameraControl.CameraHost.csproj", "{60579FF3-32BE-4B66-9D44-47FE2D29730B}"
EndProject
Global
	GlobalSection(SolutionConfigurationPlatforms) = preSolution
		Debug|Any CPU = Debug|Any CPU
		Release|Any CPU = Release|Any CPU
	EndGlobalSection
	GlobalSection(ProjectConfigurationPlatforms) = postSolution
		{60579FF3-32BE-4B66-9D44-47FE2D29730B}.Debug|Any CPU.ActiveCfg = Debug|Any CPU
		{60579FF3-32BE-4B66-9D44-47FE2D29730B}.Debug|Any CPU.Build.0 = Debug|Any CPU
		{60579FF3-32BE-4B66-9D44-47FE2D29730B}.Release|Any CPU.ActiveCfg = Release|Any CPU
		{60579FF3-32BE-4B66-9D44-47FE2D29730B}.Release|Any CPU.Build.0 = Release|Any CPU
	EndGlobalSection
	GlobalSection(SolutionProperties) = preSolution
		HideSolutionNode = FALSE
	EndGlobalSection
	GlobalSection(ExtensibilityGlobals) = postSolution
		SolutionGuid = {2A13C7DD-CEFD-461A-AFE8-19741801EE09}
	EndGlobalSection
EndGlobal
