
Microsoft Visual Studio Solution File, Format Version 12.00
# Visual Studio Version 16
VisualStudioVersion = 16.0.30114.105
MinimumVisualStudioVersion = 10.0.40219.1
Project("{FAE04EC0-301F-11D3-BF4B-00C04F79EFBC}") = "CGF.CameraControl.RestApi", "CGF.CameraControl.RestApi\CGF.CameraControl.RestApi.csproj", "{6C75E766-3978-449F-B0DD-04EA989024D9}"
EndProject
Global
	GlobalSection(SolutionConfigurationPlatforms) = preSolution
		Debug|Any CPU = Debug|Any CPU
		Release|Any CPU = Release|Any CPU
	EndGlobalSection
	GlobalSection(ProjectConfigurationPlatforms) = postSolution
		{6C75E766-3978-449F-B0DD-04EA989024D9}.Debug|Any CPU.ActiveCfg = Debug|Any CPU
		{6C75E766-3978-449F-B0DD-04EA989024D9}.Debug|Any CPU.Build.0 = Debug|Any CPU
		{6C75E766-3978-449F-B0DD-04EA989024D9}.Release|Any CPU.ActiveCfg = Release|Any CPU
		{6C75E766-3978-449F-B0DD-04EA989024D9}.Release|Any CPU.Build.0 = Release|Any CPU
	EndGlobalSection
	GlobalSection(SolutionProperties) = preSolution
		HideSolutionNode = FALSE
	EndGlobalSection
	GlobalSection(ExtensibilityGlobals) = postSolution
		SolutionGuid = {2A13C7DD-CEFD-461A-AFE8-19741801EE09}
	EndGlobalSection
EndGlobal
